
Microsoft Visual Studio Solution File, Format Version 11.00
# Visual Studio 2010
Project("{FAE04EC0-301F-11D3-BF4B-00C04F79EFBC}") = "pat.b1005", "pat.b1005\pat.b1005.csproj", "{68A15635-9451-4FC2-806A-F85B15F1D3F1}"
EndProject
Global
	GlobalSection(SolutionConfigurationPlatforms) = preSolution
		Debug|x86 = Debug|x86
		Release|x86 = Release|x86
	EndGlobalSection
	GlobalSection(ProjectConfigurationPlatforms) = postSolution
		{68A15635-9451-4FC2-806A-F85B15F1D3F1}.Debug|x86.ActiveCfg = Debug|x86
		{68A15635-9451-4FC2-806A-F85B15F1D3F1}.Debug|x86.Build.0 = Debug|x86
		{68A15635-9451-4FC2-806A-F85B15F1D3F1}.Release|x86.ActiveCfg = Release|x86
		{68A15635-9451-4FC2-806A-F85B15F1D3F1}.Release|x86.Build.0 = Release|x86
	EndGlobalSection
	GlobalSection(SolutionProperties) = preSolution
		HideSolutionNode = FALSE
	EndGlobalSection
EndGlobal
