
Microsoft Visual Studio Solution File, Format Version 11.00
# Visual Studio 2010
Project("{FAE04EC0-301F-11D3-BF4B-00C04F79EFBC}") = "pat.b1029", "pat.b1029\pat.b1029.csproj", "{4BEBE6AF-A3E8-43B3-A1BE-C89856B3412C}"
EndProject
Global
	GlobalSection(SolutionConfigurationPlatforms) = preSolution
		Debug|x86 = Debug|x86
		Release|x86 = Release|x86
	EndGlobalSection
	GlobalSection(ProjectConfigurationPlatforms) = postSolution
		{4BEBE6AF-A3E8-43B3-A1BE-C89856B3412C}.Debug|x86.ActiveCfg = Debug|x86
		{4BEBE6AF-A3E8-43B3-A1BE-C89856B3412C}.Debug|x86.Build.0 = Debug|x86
		{4BEBE6AF-A3E8-43B3-A1BE-C89856B3412C}.Release|x86.ActiveCfg = Release|x86
		{4BEBE6AF-A3E8-43B3-A1BE-C89856B3412C}.Release|x86.Build.0 = Release|x86
	EndGlobalSection
	GlobalSection(SolutionProperties) = preSolution
		HideSolutionNode = FALSE
	EndGlobalSection
EndGlobal
